
Microsoft Visual Studio Solution File, Format Version 12.00
# Visual Studio Version 17
VisualStudioVersion = 17.5.002.0
MinimumVisualStudioVersion = 10.0.40219.1
Project("{9A19103F-16F7-4668-BE54-9A1E7A4F7556}") = "troco", "troco.csproj", "{E8F99935-9812-41DC-8EEA-EE91E5FB9594}"
EndProject
Global
	GlobalSection(SolutionConfigurationPlatforms) = preSolution
		Debug|Any CPU = Debug|Any CPU
		Release|Any CPU = Release|Any CPU
	EndGlobalSection
	GlobalSection(ProjectConfigurationPlatforms) = postSolution
		{E8F99935-9812-41DC-8EEA-EE91E5FB9594}.Debug|Any CPU.ActiveCfg = Debug|Any CPU
		{E8F99935-9812-41DC-8EEA-EE91E5FB9594}.Debug|Any CPU.Build.0 = Debug|Any CPU
		{E8F99935-9812-41DC-8EEA-EE91E5FB9594}.Release|Any CPU.ActiveCfg = Release|Any CPU
		{E8F99935-9812-41DC-8EEA-EE91E5FB9594}.Release|Any CPU.Build.0 = Release|Any CPU
	EndGlobalSection
	GlobalSection(SolutionProperties) = preSolution
		HideSolutionNode = FALSE
	EndGlobalSection
	GlobalSection(ExtensibilityGlobals) = postSolution
		SolutionGuid = {14B82303-135F-4BE2-8D22-891F1714B759}
	EndGlobalSection
EndGlobal
